
Microsoft Visual Studio Solution File, Format Version 12.00
# Visual Studio 15
VisualStudioVersion = 15.0.28010.2050
MinimumVisualStudioVersion = 10.0.40219.1
Project("{FAE04EC0-301F-11D3-BF4B-00C04F79EFBC}") = "AutofacIoC", "AutofacIoC\AutofacIoC.csproj", "{69580BEE-CD82-4C51-BBB0-AE998497E311}"
EndProject
Global
	GlobalSection(SolutionConfigurationPlatforms) = preSolution
		Debug|Any CPU = Debug|Any CPU
		Release|Any CPU = Release|Any CPU
	EndGlobalSection
	GlobalSection(ProjectConfigurationPlatforms) = postSolution
		{69580BEE-CD82-4C51-BBB0-AE998497E311}.Debug|Any CPU.ActiveCfg = Debug|Any CPU
		{69580BEE-CD82-4C51-BBB0-AE998497E311}.Debug|Any CPU.Build.0 = Debug|Any CPU
		{69580BEE-CD82-4C51-BBB0-AE998497E311}.Release|Any CPU.ActiveCfg = Release|Any CPU
		{69580BEE-CD82-4C51-BBB0-AE998497E311}.Release|Any CPU.Build.0 = Release|Any CPU
	EndGlobalSection
	GlobalSection(SolutionProperties) = preSolution
		HideSolutionNode = FALSE
	EndGlobalSection
	GlobalSection(ExtensibilityGlobals) = postSolution
		SolutionGuid = {A7AC4C7D-F7C9-4F6E-A3A0-396C6E2E1969}
	EndGlobalSection
EndGlobal
